
Microsoft Visual Studio Solution File, Format Version 12.00
# Visual Studio Version 17
VisualStudioVersion = 17.11.35312.102
MinimumVisualStudioVersion = 10.0.40219.1
Project("{FAE04EC0-301F-11D3-BF4B-00C04F79EFBC}") = "Dots_and_Lines_Game", "Dots_and_Lines_Game.csproj", "{10868EC4-7D67-408D-9CC6-E6945528A901}"
EndProject
Global
	GlobalSection(SolutionConfigurationPlatforms) = preSolution
		Debug|Any CPU = Debug|Any CPU
		Release|Any CPU = Release|Any CPU
	EndGlobalSection
	GlobalSection(ProjectConfigurationPlatforms) = postSolution
		{10868EC4-7D67-408D-9CC6-E6945528A901}.Debug|Any CPU.ActiveCfg = Debug|Any CPU
		{10868EC4-7D67-408D-9CC6-E6945528A901}.Debug|Any CPU.Build.0 = Debug|Any CPU
		{10868EC4-7D67-408D-9CC6-E6945528A901}.Release|Any CPU.ActiveCfg = Release|Any CPU
		{10868EC4-7D67-408D-9CC6-E6945528A901}.Release|Any CPU.Build.0 = Release|Any CPU
	EndGlobalSection
	GlobalSection(SolutionProperties) = preSolution
		HideSolutionNode = FALSE
	EndGlobalSection
	GlobalSection(ExtensibilityGlobals) = postSolution
		SolutionGuid = {6D418440-BE5E-4830-8CEA-CB8C303D4C54}
	EndGlobalSection
EndGlobal
